<?xml version="1.0" encoding="utf-8"?>
<Project ToolsVersion="4.0" xmlns="http://schemas.microsoft.com/developer/msbuild/2003">
  <ItemGroup>
    <Filter Include="源文件">
      <UniqueIdentifier>{4FC737F1-C7A5-4376-A066-2A32D752A2FF}</UniqueIdentifier>
      <Extensions>cpp;c;cc;cxx;def;odl;idl;hpj;bat;asm;asmx</Extensions>
    </Filter>
    <Filter Include="头文件">
      <UniqueIdentifier>{93995380-89BD-4b04-88EB-625FBE52EBFB}</UniqueIdentifier>
      <Extensions>h;hh;hpp;hxx;hm;inl;inc;xsd</Extensions>
    </Filter>
    <Filter Include="资源文件">
      <UniqueIdentifier>{67DA6AB6-F800-4c08-8B7A-83BB121AAD01}</UniqueIdentifier>
      <Extensions>rc;ico;cur;bmp;dlg;rc2;rct;bin;rgs;gif;jpg;jpeg;jpe;resx;tiff;tif;png;wav;mfcribbon-ms</Extensions>
    </Filter>
  </ItemGroup>
  <ItemGroup>
    <ClInclude Include="Include\01_ContainsNearbyDuplicate.h">
      <Filter>头文件</Filter>
    </ClInclude>
    <ClInclude Include="Include\02_ExcelSheetColumnTitle.h">
      <Filter>头文件</Filter>
    </ClInclude>
    <ClInclude Include="Include\03_IsUgly.h">
      <Filter>头文件</Filter>
    </ClInclude>
    <ClInclude Include="Include\04_IsPalindrome.h">
      <Filter>头文件</Filter>
    </ClInclude>
    <ClInclude Include="Include\06_ContainsDuplicate.h">
      <Filter>头文件</Filter>
    </ClInclude>
    <ClInclude Include="Include\08_HammingWeight.h">
      <Filter>头文件</Filter>
    </ClInclude>
    <ClInclude Include="Include\09_AddBinary.h">
      <Filter>头文件</Filter>
    </ClInclude>
    <ClInclude Include="Include\05_MinDepth.h">
      <Filter>头文件</Filter>
    </ClInclude>
    <ClInclude Include="Include\07_MaxDepth.h">
      <Filter>头文件</Filter>
    </ClInclude>
    <ClInclude Include="Include\11_CanWinNim.h">
      <Filter>头文件</Filter>
    </ClInclude>
    <ClInclude Include="Include\12_IsValid.h">
      <Filter>头文件</Filter>
    </ClInclude>
    <ClInclude Include="Include\13_MyAtoi.h">
      <Filter>头文件</Filter>
    </ClInclude>
    <ClInclude Include="Include\10_BinaryTreePaths.h">
      <Filter>头文件</Filter>
    </ClInclude>
    <ClInclude Include="Include\14_SingleNumber.h">
      <Filter>头文件</Filter>
    </ClInclude>
    <ClInclude Include="Include\15_WordPattern.h">
      <Filter>头文件</Filter>
    </ClInclude>
    <ClInclude Include="Include\16_ReverseBits.h">
      <Filter>头文件</Filter>
    </ClInclude>
    <ClInclude Include="Include\17_WordBreak.h">
      <Filter>头文件</Filter>
    </ClInclude>
    <ClInclude Include="Include\18_PlusOne.h">
      <Filter>头文件</Filter>
    </ClInclude>
    <ClInclude Include="Include\19_MySqrt.h">
      <Filter>头文件</Filter>
    </ClInclude>
    <ClInclude Include="Include\20_MoveZeroes.h">
      <Filter>头文件</Filter>
    </ClInclude>
    <ClInclude Include="Include\21_Reverse.h">
      <Filter>头文件</Filter>
    </ClInclude>
    <ClInclude Include="Include\22_Rotate.h">
      <Filter>头文件</Filter>
    </ClInclude>
    <ClInclude Include="Include\23_RestoreIpAddresses.h">
      <Filter>头文件</Filter>
    </ClInclude>
    <ClInclude Include="Include\24_LengthOfLongestSubstring.h">
      <Filter>头文件</Filter>
    </ClInclude>
    <ClInclude Include="Include\25_Partition.h">
      <Filter>头文件</Filter>
    </ClInclude>
  </ItemGroup>
  <ItemGroup>
    <ClCompile Include="Str\01_ContainsNearbyDuplicate.cpp">
      <Filter>源文件</Filter>
    </ClCompile>
    <ClCompile Include="Str\Main.cpp">
      <Filter>源文件</Filter>
    </ClCompile>
    <ClCompile Include="Str\02_ExcelSheetColumnTitle.cpp">
      <Filter>源文件</Filter>
    </ClCompile>
    <ClCompile Include="Str\03_IsUgly.cpp">
      <Filter>源文件</Filter>
    </ClCompile>
    <ClCompile Include="Str\04_IsPalindrome.cpp">
      <Filter>源文件</Filter>
    </ClCompile>
    <ClCompile Include="Str\06_ContainsDuplicate.cpp">
      <Filter>源文件</Filter>
    </ClCompile>
    <ClCompile Include="Str\08_HammingWeight.cpp">
      <Filter>源文件</Filter>
    </ClCompile>
    <ClCompile Include="Str\09_AddBinary.cpp">
      <Filter>源文件</Filter>
    </ClCompile>
    <ClCompile Include="Str\05_MinDepth.cpp">
      <Filter>源文件</Filter>
    </ClCompile>
    <ClCompile Include="Str\07_MaxDepth.cpp">
      <Filter>源文件</Filter>
    </ClCompile>
    <ClCompile Include="Str\11_CanWinNim.cpp">
      <Filter>源文件</Filter>
    </ClCompile>
    <ClCompile Include="Str\12_IsValid.cpp">
      <Filter>源文件</Filter>
    </ClCompile>
    <ClCompile Include="Str\13_MyAtoi.cpp">
      <Filter>源文件</Filter>
    </ClCompile>
    <ClCompile Include="Str\10_BinaryTreePaths.cpp">
      <Filter>源文件</Filter>
    </ClCompile>
    <ClCompile Include="Str\14_SingleNumber.cpp">
      <Filter>源文件</Filter>
    </ClCompile>
    <ClCompile Include="Str\15_WordPattern.cpp">
      <Filter>源文件</Filter>
    </ClCompile>
    <ClCompile Include="Str\16_ReverseBits.cpp">
      <Filter>源文件</Filter>
    </ClCompile>
    <ClCompile Include="Str\17_WordBreak.cpp">
      <Filter>源文件</Filter>
    </ClCompile>
    <ClCompile Include="Str\18_PlusOne.cpp">
      <Filter>源文件</Filter>
    </ClCompile>
    <ClCompile Include="Str\19_MySqrt.cpp">
      <Filter>源文件</Filter>
    </ClCompile>
    <ClCompile Include="Str\20_MoveZeroes.cpp">
      <Filter>源文件</Filter>
    </ClCompile>
    <ClCompile Include="Str\21_Reverse.cpp">
      <Filter>源文件</Filter>
    </ClCompile>
    <ClCompile Include="Str\22_Rotate.cpp">
      <Filter>源文件</Filter>
    </ClCompile>
    <ClCompile Include="Str\23_RestoreIpAddresses.cpp">
      <Filter>源文件</Filter>
    </ClCompile>
    <ClCompile Include="Str\24_LengthOfLongestSubstring.cpp">
      <Filter>源文件</Filter>
    </ClCompile>
    <ClCompile Include="Str\25_Partition.cpp">
      <Filter>源文件</Filter>
    </ClCompile>
  </ItemGroup>
</Project>